// !$*UTF8*$!
{
	archiveVersion = 1;
	classes = {
	};
	objectVersion = 48;
	objects = {

/* Begin PBXBuildFile section */
		8F29B2051FDE384600F54ADC /* AppDelegate.swift in Sources */ = {isa = PBXBuildFile; fileRef = 8F29B2041FDE384600F54ADC /* AppDelegate.swift */; };
		8F29B2071FDE384600F54ADC /* ViewController.swift in Sources */ = {isa = PBXBuildFile; fileRef = 8F29B2061FDE384600F54ADC /* ViewController.swift */; };
		8F29B2091FDE384600F54ADC /* Assets.xcassets in Resources */ = {isa = PBXBuildFile; fileRef = 8F29B2081FDE384600F54ADC /* Assets.xcassets */; };
		8F29B20C1FDE384600F54ADC /* Main.storyboard in Resources */ = {isa = PBXBuildFile; fileRef = 8F29B20A1FDE384600F54ADC /* Main.storyboard */; };
		8F29B2181FDE384600F54ADC /* Blockchain_modelTests.swift in Sources */ = {isa = PBXBuildFile; fileRef = 8F29B2171FDE384600F54ADC /* Blockchain_modelTests.swift */; };
		8F29B2231FDE384600F54ADC /* Blockchain_modelUITests.swift in Sources */ = {isa = PBXBuildFile; fileRef = 8F29B2221FDE384600F54ADC /* Blockchain_modelUITests.swift */; };
		8F29B23B1FDE4A0700F54ADC /* MainView.swift in Sources */ = {isa = PBXBuildFile; fileRef = 8F29B2391FDE4A0700F54ADC /* MainView.swift */; };
		8F29B23C1FDE4A0700F54ADC /* MainView.xib in Resources */ = {isa = PBXBuildFile; fileRef = 8F29B23A1FDE4A0700F54ADC /* MainView.xib */; };
		8F29B23F1FDE4C8D00F54ADC /* MainCoordinator.swift in Sources */ = {isa = PBXBuildFile; fileRef = 8F29B23E1FDE4C8D00F54ADC /* MainCoordinator.swift */; };
/* End PBXBuildFile section */

/* Begin PBXContainerItemProxy section */
		8F29B2141FDE384600F54ADC /* PBXContainerItemProxy */ = {
			isa = PBXContainerItemProxy;
			containerPortal = 8F29B1F91FDE384600F54ADC /* Project object */;
			proxyType = 1;
			remoteGlobalIDString = 8F29B2001FDE384600F54ADC;
			remoteInfo = "Blockchain-model";
		};
		8F29B21F1FDE384600F54ADC /* PBXContainerItemProxy */ = {
			isa = PBXContainerItemProxy;
			containerPortal = 8F29B1F91FDE384600F54ADC /* Project object */;
			proxyType = 1;
			remoteGlobalIDString = 8F29B2001FDE384600F54ADC;
			remoteInfo = "Blockchain-model";
		};
/* End PBXContainerItemProxy section */

/* Begin PBXFileReference section */
		8F29B2011FDE384600F54ADC /* Blockchain-model.app */ = {isa = PBXFileReference; explicitFileType = wrapper.application; includeInIndex = 0; path = "Blockchain-model.app"; sourceTree = BUILT_PRODUCTS_DIR; };
		8F29B2041FDE384600F54ADC /* AppDelegate.swift */ = {isa = PBXFileReference; lastKnownFileType = sourcecode.swift; path = AppDelegate.swift; sourceTree = "<group>"; };
		8F29B2061FDE384600F54ADC /* ViewController.swift */ = {isa = PBXFileReference; lastKnownFileType = sourcecode.swift; path = ViewController.swift; sourceTree = "<group>"; };
		8F29B2081FDE384600F54ADC /* Assets.xcassets */ = {isa = PBXFileReference; lastKnownFileType = folder.assetcatalog; path = Assets.xcassets; sourceTree = "<group>"; };
		8F29B20B1FDE384600F54ADC /* Base */ = {isa = PBXFileReference; lastKnownFileType = file.storyboard; name = Base; path = Base.lproj/Main.storyboard; sourceTree = "<group>"; };
		8F29B20D1FDE384600F54ADC /* Info.plist */ = {isa = PBXFileReference; lastKnownFileType = text.plist.xml; path = Info.plist; sourceTree = "<group>"; };
		8F29B20E1FDE384600F54ADC /* Blockchain_model.entitlements */ = {isa = PBXFileReference; lastKnownFileType = text.plist.entitlements; path = Blockchain_model.entitlements; sourceTree = "<group>"; };
		8F29B2131FDE384600F54ADC /* Blockchain-modelTests.xctest */ = {isa = PBXFileReference; explicitFileType = wrapper.cfbundle; includeInIndex = 0; path = "Blockchain-modelTests.xctest"; sourceTree = BUILT_PRODUCTS_DIR; };
		8F29B2171FDE384600F54ADC /* Blockchain_modelTests.swift */ = {isa = PBXFileReference; lastKnownFileType = sourcecode.swift; path = Blockchain_modelTests.swift; sourceTree = "<group>"; };
		8F29B2191FDE384600F54ADC /* Info.plist */ = {isa = PBXFileReference; lastKnownFileType = text.plist.xml; path = Info.plist; sourceTree = "<group>"; };
		8F29B21E1FDE384600F54ADC /* Blockchain-modelUITests.xctest */ = {isa = PBXFileReference; explicitFileType = wrapper.cfbundle; includeInIndex = 0; path = "Blockchain-modelUITests.xctest"; sourceTree = BUILT_PRODUCTS_DIR; };
		8F29B2221FDE384600F54ADC /* Blockchain_modelUITests.swift */ = {isa = PBXFileReference; lastKnownFileType = sourcecode.swift; path = Blockchain_modelUITests.swift; sourceTree = "<group>"; };
		8F29B2241FDE384600F54ADC /* Info.plist */ = {isa = PBXFileReference; lastKnownFileType = text.plist.xml; path = Info.plist; sourceTree = "<group>"; };
		8F29B2391FDE4A0700F54ADC /* MainView.swift */ = {isa = PBXFileReference; lastKnownFileType = sourcecode.swift; name = MainView.swift; path = "Blockchain-model/Workflows/Counter/MainView.swift"; sourceTree = SOURCE_ROOT; };
		8F29B23A1FDE4A0700F54ADC /* MainView.xib */ = {isa = PBXFileReference; lastKnownFileType = file.xib; name = MainView.xib; path = "Blockchain-model/Workflows/Counter/MainView.xib"; sourceTree = SOURCE_ROOT; };
		8F29B23E1FDE4C8D00F54ADC /* MainCoordinator.swift */ = {isa = PBXFileReference; lastKnownFileType = sourcecode.swift; path = MainCoordinator.swift; sourceTree = "<group>"; };
/* End PBXFileReference section */

/* Begin PBXFrameworksBuildPhase section */
		8F29B1FE1FDE384600F54ADC /* Frameworks */ = {
			isa = PBXFrameworksBuildPhase;
			buildActionMask = 2147483647;
			files = (
			);
			runOnlyForDeploymentPostprocessing = 0;
		};
		8F29B2101FDE384600F54ADC /* Frameworks */ = {
			isa = PBXFrameworksBuildPhase;
			buildActionMask = 2147483647;
			files = (
			);
			runOnlyForDeploymentPostprocessing = 0;
		};
		8F29B21B1FDE384600F54ADC /* Frameworks */ = {
			isa = PBXFrameworksBuildPhase;
			buildActionMask = 2147483647;
			files = (
			);
			runOnlyForDeploymentPostprocessing = 0;
		};
/* End PBXFrameworksBuildPhase section */

/* Begin PBXGroup section */
		8F29B1F81FDE384600F54ADC = {
			isa = PBXGroup;
			children = (
				8F29B2031FDE384600F54ADC /* Blockchain-model */,
				8F29B2161FDE384600F54ADC /* Blockchain-modelTests */,
				8F29B2211FDE384600F54ADC /* Blockchain-modelUITests */,
				8F29B2021FDE384600F54ADC /* Products */,
			);
			sourceTree = "<group>";
		};
		8F29B2021FDE384600F54ADC /* Products */ = {
			isa = PBXGroup;
			children = (
				8F29B2011FDE384600F54ADC /* Blockchain-model.app */,
				8F29B2131FDE384600F54ADC /* Blockchain-modelTests.xctest */,
				8F29B21E1FDE384600F54ADC /* Blockchain-modelUITests.xctest */,
			);
			name = Products;
			sourceTree = "<group>";
		};
		8F29B2031FDE384600F54ADC /* Blockchain-model */ = {
			isa = PBXGroup;
			children = (
				8F29B2311FDE3C8A00F54ADC /* ApplicationLayer */,
				8F29B2321FDE3C9C00F54ADC /* BusinessLogicLayer */,
				8F29B2331FDE3CDF00F54ADC /* Constant */,
				8F29B2341FDE3D0400F54ADC /* Resources */,
				8F29B2301FDE3C5900F54ADC /* Services */,
				8F29B2351FDE3D1600F54ADC /* SupportingFiles */,
				8F29B2361FDE3D2900F54ADC /* Workflows */,
			);
			path = "Blockchain-model";
			sourceTree = "<group>";
		};
		8F29B2161FDE384600F54ADC /* Blockchain-modelTests */ = {
			isa = PBXGroup;
			children = (
				8F29B2171FDE384600F54ADC /* Blockchain_modelTests.swift */,
				8F29B2191FDE384600F54ADC /* Info.plist */,
			);
			path = "Blockchain-modelTests";
			sourceTree = "<group>";
		};
		8F29B2211FDE384600F54ADC /* Blockchain-modelUITests */ = {
			isa = PBXGroup;
			children = (
				8F29B2221FDE384600F54ADC /* Blockchain_modelUITests.swift */,
				8F29B2241FDE384600F54ADC /* Info.plist */,
			);
			path = "Blockchain-modelUITests";
			sourceTree = "<group>";
		};
		8F29B2301FDE3C5900F54ADC /* Services */ = {
			isa = PBXGroup;
			children = (
			);
			path = Services;
			sourceTree = "<group>";
		};
		8F29B2311FDE3C8A00F54ADC /* ApplicationLayer */ = {
			isa = PBXGroup;
			children = (
				8F29B2041FDE384600F54ADC /* AppDelegate.swift */,
			);
			path = ApplicationLayer;
			sourceTree = "<group>";
		};
		8F29B2321FDE3C9C00F54ADC /* BusinessLogicLayer */ = {
			isa = PBXGroup;
			children = (
				8F29B2401FDE566700F54ADC /* Models */,
			);
			path = BusinessLogicLayer;
			sourceTree = "<group>";
		};
		8F29B2331FDE3CDF00F54ADC /* Constant */ = {
			isa = PBXGroup;
			children = (
			);
			path = Constant;
			sourceTree = "<group>";
		};
		8F29B2341FDE3D0400F54ADC /* Resources */ = {
			isa = PBXGroup;
			children = (
				8F29B20E1FDE384600F54ADC /* Blockchain_model.entitlements */,
				8F29B2081FDE384600F54ADC /* Assets.xcassets */,
			);
			path = Resources;
			sourceTree = "<group>";
		};
		8F29B2351FDE3D1600F54ADC /* SupportingFiles */ = {
			isa = PBXGroup;
			children = (
				8F29B20D1FDE384600F54ADC /* Info.plist */,
			);
			path = SupportingFiles;
			sourceTree = "<group>";
		};
		8F29B2361FDE3D2900F54ADC /* Workflows */ = {
			isa = PBXGroup;
			children = (
				8F29B23D1FDE4A0F00F54ADC /* Counter */,
				8F29B2371FDE3D6E00F54ADC /* Main */,
			);
			path = Workflows;
			sourceTree = "<group>";
		};
		8F29B2371FDE3D6E00F54ADC /* Main */ = {
			isa = PBXGroup;
			children = (
				8F29B2061FDE384600F54ADC /* ViewController.swift */,
				8F29B20A1FDE384600F54ADC /* Main.storyboard */,
			);
			path = Main;
			sourceTree = "<group>";
		};
		8F29B23D1FDE4A0F00F54ADC /* Counter */ = {
			isa = PBXGroup;
			children = (
				8F29B2391FDE4A0700F54ADC /* MainView.swift */,
				8F29B23A1FDE4A0700F54ADC /* MainView.xib */,
				8F29B23E1FDE4C8D00F54ADC /* MainCoordinator.swift */,
			);
			path = Counter;
			sourceTree = "<group>";
		};
		8F29B2401FDE566700F54ADC /* Models */ = {
			isa = PBXGroup;
			children = (
			);
			path = Models;
			sourceTree = "<group>";
		};
/* End PBXGroup section */

/* Begin PBXNativeTarget section */
		8F29B2001FDE384600F54ADC /* Blockchain-model */ = {
			isa = PBXNativeTarget;
			buildConfigurationList = 8F29B2271FDE384600F54ADC /* Build configuration list for PBXNativeTarget "Blockchain-model" */;
			buildPhases = (
				8F29B1FD1FDE384600F54ADC /* Sources */,
				8F29B1FE1FDE384600F54ADC /* Frameworks */,
				8F29B1FF1FDE384600F54ADC /* Resources */,
			);
			buildRules = (
			);
			dependencies = (
			);
			name = "Blockchain-model";
			productName = "Blockchain-model";
			productReference = 8F29B2011FDE384600F54ADC /* Blockchain-model.app */;
			productType = "com.apple.product-type.application";
		};
		8F29B2121FDE384600F54ADC /* Blockchain-modelTests */ = {
			isa = PBXNativeTarget;
			buildConfigurationList = 8F29B22A1FDE384600F54ADC /* Build configuration list for PBXNativeTarget "Blockchain-modelTests" */;
			buildPhases = (
				8F29B20F1FDE384600F54ADC /* Sources */,
				8F29B2101FDE384600F54ADC /* Frameworks */,
				8F29B2111FDE384600F54ADC /* Resources */,
			);
			buildRules = (
			);
			dependencies = (
				8F29B2151FDE384600F54ADC /* PBXTargetDependency */,
			);
			name = "Blockchain-modelTests";
			productName = "Blockchain-modelTests";
			productReference = 8F29B2131FDE384600F54ADC /* Blockchain-modelTests.xctest */;
			productType = "com.apple.product-type.bundle.unit-test";
		};
		8F29B21D1FDE384600F54ADC /* Blockchain-modelUITests */ = {
			isa = PBXNativeTarget;
			buildConfigurationList = 8F29B22D1FDE384600F54ADC /* Build configuration list for PBXNativeTarget "Blockchain-modelUITests" */;
			buildPhases = (
				8F29B21A1FDE384600F54ADC /* Sources */,
				8F29B21B1FDE384600F54ADC /* Frameworks */,
				8F29B21C1FDE384600F54ADC /* Resources */,
			);
			buildRules = (
			);
			dependencies = (
				8F29B2201FDE384600F54ADC /* PBXTargetDependency */,
			);
			name = "Blockchain-modelUITests";
			productName = "Blockchain-modelUITests";
			productReference = 8F29B21E1FDE384600F54ADC /* Blockchain-modelUITests.xctest */;
			productType = "com.apple.product-type.bundle.ui-testing";
		};
/* End PBXNativeTarget section */

/* Begin PBXProject section */
		8F29B1F91FDE384600F54ADC /* Project object */ = {
			isa = PBXProject;
			attributes = {
				LastSwiftUpdateCheck = 0920;
				LastUpgradeCheck = 0920;
				ORGANIZATIONNAME = "Никита Сергеевич";
				TargetAttributes = {
					8F29B2001FDE384600F54ADC = {
						CreatedOnToolsVersion = 9.2;
						ProvisioningStyle = Automatic;
					};
					8F29B2121FDE384600F54ADC = {
						CreatedOnToolsVersion = 9.2;
						ProvisioningStyle = Automatic;
						TestTargetID = 8F29B2001FDE384600F54ADC;
					};
					8F29B21D1FDE384600F54ADC = {
						CreatedOnToolsVersion = 9.2;
						ProvisioningStyle = Automatic;
						TestTargetID = 8F29B2001FDE384600F54ADC;
					};
				};
			};
			buildConfigurationList = 8F29B1FC1FDE384600F54ADC /* Build configuration list for PBXProject "Blockchain-model" */;
			compatibilityVersion = "Xcode 8.0";
			developmentRegion = en;
			hasScannedForEncodings = 0;
			knownRegions = (
				en,
				Base,
			);
			mainGroup = 8F29B1F81FDE384600F54ADC;
			productRefGroup = 8F29B2021FDE384600F54ADC /* Products */;
			projectDirPath = "";
			projectRoot = "";
			targets = (
				8F29B2001FDE384600F54ADC /* Blockchain-model */,
				8F29B2121FDE384600F54ADC /* Blockchain-modelTests */,
				8F29B21D1FDE384600F54ADC /* Blockchain-modelUITests */,
			);
		};
/* End PBXProject section */

/* Begin PBXResourcesBuildPhase section */
		8F29B1FF1FDE384600F54ADC /* Resources */ = {
			isa = PBXResourcesBuildPhase;
			buildActionMask = 2147483647;
			files = (
				8F29B23C1FDE4A0700F54ADC /* MainView.xib in Resources */,
				8F29B2091FDE384600F54ADC /* Assets.xcassets in Resources */,
				8F29B20C1FDE384600F54ADC /* Main.storyboard in Resources */,
			);
			runOnlyForDeploymentPostprocessing = 0;
		};
		8F29B2111FDE384600F54ADC /* Resources */ = {
			isa = PBXResourcesBuildPhase;
			buildActionMask = 2147483647;
			files = (
			);
			runOnlyForDeploymentPostprocessing = 0;
		};
		8F29B21C1FDE384600F54ADC /* Resources */ = {
			isa = PBXResourcesBuildPhase;
			buildActionMask = 2147483647;
			files = (
			);
			runOnlyForDeploymentPostprocessing = 0;
		};
/* End PBXResourcesBuildPhase section */

/* Begin PBXSourcesBuildPhase section */
		8F29B1FD1FDE384600F54ADC /* Sources */ = {
			isa = PBXSourcesBuildPhase;
			buildActionMask = 2147483647;
			files = (
				8F29B2071FDE384600F54ADC /* ViewController.swift in Sources */,
				8F29B23F1FDE4C8D00F54ADC /* MainCoordinator.swift in Sources */,
				8F29B23B1FDE4A0700F54ADC /* MainView.swift in Sources */,
				8F29B2051FDE384600F54ADC /* AppDelegate.swift in Sources */,
			);
			runOnlyForDeploymentPostprocessing = 0;
		};
		8F29B20F1FDE384600F54ADC /* Sources */ = {
			isa = PBXSourcesBuildPhase;
			buildActionMask = 2147483647;
			files = (
				8F29B2181FDE384600F54ADC /* Blockchain_modelTests.swift in Sources */,
			);
			runOnlyForDeploymentPostprocessing = 0;
		};
		8F29B21A1FDE384600F54ADC /* Sources */ = {
			isa = PBXSourcesBuildPhase;
			buildActionMask = 2147483647;
			files = (
				8F29B2231FDE384600F54ADC /* Blockchain_modelUITests.swift in Sources */,
			);
			runOnlyForDeploymentPostprocessing = 0;
		};
/* End PBXSourcesBuildPhase section */

/* Begin PBXTargetDependency section */
		8F29B2151FDE384600F54ADC /* PBXTargetDependency */ = {
			isa = PBXTargetDependency;
			target = 8F29B2001FDE384600F54ADC /* Blockchain-model */;
			targetProxy = 8F29B2141FDE384600F54ADC /* PBXContainerItemProxy */;
		};
		8F29B2201FDE384600F54ADC /* PBXTargetDependency */ = {
			isa = PBXTargetDependency;
			target = 8F29B2001FDE384600F54ADC /* Blockchain-model */;
			targetProxy = 8F29B21F1FDE384600F54ADC /* PBXContainerItemProxy */;
		};
/* End PBXTargetDependency section */

/* Begin PBXVariantGroup section */
		8F29B20A1FDE384600F54ADC /* Main.storyboard */ = {
			isa = PBXVariantGroup;
			children = (
				8F29B20B1FDE384600F54ADC /* Base */,
			);
			name = Main.storyboard;
			sourceTree = "<group>";
		};
/* End PBXVariantGroup section */

/* Begin XCBuildConfiguration section */
		8F29B2251FDE384600F54ADC /* Debug */ = {
			isa = XCBuildConfiguration;
			buildSettings = {
				ALWAYS_SEARCH_USER_PATHS = NO;
				CLANG_ANALYZER_NONNULL = YES;
				CLANG_ANALYZER_NUMBER_OBJECT_CONVERSION = YES_AGGRESSIVE;
				CLANG_CXX_LANGUAGE_STANDARD = "gnu++14";
				CLANG_CXX_LIBRARY = "libc++";
				CLANG_ENABLE_MODULES = YES;
				CLANG_ENABLE_OBJC_ARC = YES;
				CLANG_WARN_BLOCK_CAPTURE_AUTORELEASING = YES;
				CLANG_WARN_BOOL_CONVERSION = YES;
				CLANG_WARN_COMMA = YES;
				CLANG_WARN_CONSTANT_CONVERSION = YES;
				CLANG_WARN_DIRECT_OBJC_ISA_USAGE = YES_ERROR;
				CLANG_WARN_DOCUMENTATION_COMMENTS = YES;
				CLANG_WARN_EMPTY_BODY = YES;
				CLANG_WARN_ENUM_CONVERSION = YES;
				CLANG_WARN_INFINITE_RECURSION = YES;
				CLANG_WARN_INT_CONVERSION = YES;
				CLANG_WARN_NON_LITERAL_NULL_CONVERSION = YES;
				CLANG_WARN_OBJC_LITERAL_CONVERSION = YES;
				CLANG_WARN_OBJC_ROOT_CLASS = YES_ERROR;
				CLANG_WARN_RANGE_LOOP_ANALYSIS = YES;
				CLANG_WARN_STRICT_PROTOTYPES = YES;
				CLANG_WARN_SUSPICIOUS_MOVE = YES;
				CLANG_WARN_UNGUARDED_AVAILABILITY = YES_AGGRESSIVE;
				CLANG_WARN_UNREACHABLE_CODE = YES;
				CLANG_WARN__DUPLICATE_METHOD_MATCH = YES;
				CODE_SIGN_IDENTITY = "Mac Developer";
				COPY_PHASE_STRIP = NO;
				DEBUG_INFORMATION_FORMAT = dwarf;
				ENABLE_STRICT_OBJC_MSGSEND = YES;
				ENABLE_TESTABILITY = YES;
				GCC_C_LANGUAGE_STANDARD = gnu11;
				GCC_DYNAMIC_NO_PIC = NO;
				GCC_NO_COMMON_BLOCKS = YES;
				GCC_OPTIMIZATION_LEVEL = 0;
				GCC_PREPROCESSOR_DEFINITIONS = (
					"DEBUG=1",
					"$(inherited)",
				);
				GCC_WARN_64_TO_32_BIT_CONVERSION = YES;
				GCC_WARN_ABOUT_RETURN_TYPE = YES_ERROR;
				GCC_WARN_UNDECLARED_SELECTOR = YES;
				GCC_WARN_UNINITIALIZED_AUTOS = YES_AGGRESSIVE;
				GCC_WARN_UNUSED_FUNCTION = YES;
				GCC_WARN_UNUSED_VARIABLE = YES;
				MACOSX_DEPLOYMENT_TARGET = 10.13;
				MTL_ENABLE_DEBUG_INFO = YES;
				ONLY_ACTIVE_ARCH = YES;
				SDKROOT = macosx;
				SWIFT_ACTIVE_COMPILATION_CONDITIONS = DEBUG;
				SWIFT_OPTIMIZATION_LEVEL = "-Onone";
			};
			name = Debug;
		};
		8F29B2261FDE384600F54ADC /* Release */ = {
			isa = XCBuildConfiguration;
			buildSettings = {
				ALWAYS_SEARCH_USER_PATHS = NO;
				CLANG_ANALYZER_NONNULL = YES;
				CLANG_ANALYZER_NUMBER_OBJECT_CONVERSION = YES_AGGRESSIVE;
				CLANG_CXX_LANGUAGE_STANDARD = "gnu++14";
				CLANG_CXX_LIBRARY = "libc++";
				CLANG_ENABLE_MODULES = YES;
				CLANG_ENABLE_OBJC_ARC = YES;
				CLANG_WARN_BLOCK_CAPTURE_AUTORELEASING = YES;
				CLANG_WARN_BOOL_CONVERSION = YES;
				CLANG_WARN_COMMA = YES;
				CLANG_WARN_CONSTANT_CONVERSION = YES;
				CLANG_WARN_DIRECT_OBJC_ISA_USAGE = YES_ERROR;
				CLANG_WARN_DOCUMENTATION_COMMENTS = YES;
				CLANG_WARN_EMPTY_BODY = YES;
				CLANG_WARN_ENUM_CONVERSION = YES;
				CLANG_WARN_INFINITE_RECURSION = YES;
				CLANG_WARN_INT_CONVERSION = YES;
				CLANG_WARN_NON_LITERAL_NULL_CONVERSION = YES;
				CLANG_WARN_OBJC_LITERAL_CONVERSION = YES;
				CLANG_WARN_OBJC_ROOT_CLASS = YES_ERROR;
				CLANG_WARN_RANGE_LOOP_ANALYSIS = YES;
				CLANG_WARN_STRICT_PROTOTYPES = YES;
				CLANG_WARN_SUSPICIOUS_MOVE = YES;
				CLANG_WARN_UNGUARDED_AVAILABILITY = YES_AGGRESSIVE;
				CLANG_WARN_UNREACHABLE_CODE = YES;
				CLANG_WARN__DUPLICATE_METHOD_MATCH = YES;
				CODE_SIGN_IDENTITY = "Mac Developer";
				COPY_PHASE_STRIP = NO;
				DEBUG_INFORMATION_FORMAT = "dwarf-with-dsym";
				ENABLE_NS_ASSERTIONS = NO;
				ENABLE_STRICT_OBJC_MSGSEND = YES;
				GCC_C_LANGUAGE_STANDARD = gnu11;
				GCC_NO_COMMON_BLOCKS = YES;
				GCC_WARN_64_TO_32_BIT_CONVERSION = YES;
				GCC_WARN_ABOUT_RETURN_TYPE = YES_ERROR;
				GCC_WARN_UNDECLARED_SELECTOR = YES;
				GCC_WARN_UNINITIALIZED_AUTOS = YES_AGGRESSIVE;
				GCC_WARN_UNUSED_FUNCTION = YES;
				GCC_WARN_UNUSED_VARIABLE = YES;
				MACOSX_DEPLOYMENT_TARGET = 10.13;
				MTL_ENABLE_DEBUG_INFO = NO;
				SDKROOT = macosx;
				SWIFT_OPTIMIZATION_LEVEL = "-Owholemodule";
			};
			name = Release;
		};
		8F29B2281FDE384600F54ADC /* Debug */ = {
			isa = XCBuildConfiguration;
			buildSettings = {
				ASSETCATALOG_COMPILER_APPICON_NAME = AppIcon;
				CODE_SIGN_ENTITLEMENTS = "Blockchain-model/Resources/Blockchain_model.entitlements";
				CODE_SIGN_STYLE = Automatic;
				COMBINE_HIDPI_IMAGES = YES;
				DEVELOPMENT_TEAM = RW47C22KAD;
				INFOPLIST_FILE = "$(SRCROOT)/Blockchain-model/SupportingFiles/Info.plist";
				LD_RUNPATH_SEARCH_PATHS = "$(inherited) @executable_path/../Frameworks";
				PRODUCT_BUNDLE_IDENTIFIER = "com.nscorp.Blockchain-model";
				PRODUCT_NAME = "$(TARGET_NAME)";
				SWIFT_VERSION = 4.0;
			};
			name = Debug;
		};
		8F29B2291FDE384600F54ADC /* Release */ = {
			isa = XCBuildConfiguration;
			buildSettings = {
				ASSETCATALOG_COMPILER_APPICON_NAME = AppIcon;
				CODE_SIGN_ENTITLEMENTS = "Blockchain-model/Resources/Blockchain_model.entitlements";
				CODE_SIGN_STYLE = Automatic;
				COMBINE_HIDPI_IMAGES = YES;
				DEVELOPMENT_TEAM = RW47C22KAD;
				INFOPLIST_FILE = "$(SRCROOT)/Blockchain-model/SupportingFiles/Info.plist";
				LD_RUNPATH_SEARCH_PATHS = "$(inherited) @executable_path/../Frameworks";
				PRODUCT_BUNDLE_IDENTIFIER = "com.nscorp.Blockchain-model";
				PRODUCT_NAME = "$(TARGET_NAME)";
				SWIFT_VERSION = 4.0;
			};
			name = Release;
		};
		8F29B22B1FDE384600F54ADC /* Debug */ = {
			isa = XCBuildConfiguration;
			buildSettings = {
				ALWAYS_EMBED_SWIFT_STANDARD_LIBRARIES = YES;
				BUNDLE_LOADER = "$(TEST_HOST)";
				CODE_SIGN_STYLE = Automatic;
				COMBINE_HIDPI_IMAGES = YES;
				DEVELOPMENT_TEAM = RW47C22KAD;
				INFOPLIST_FILE = "Blockchain-modelTests/Info.plist";
				LD_RUNPATH_SEARCH_PATHS = "$(inherited) @executable_path/../Frameworks @loader_path/../Frameworks";
				PRODUCT_BUNDLE_IDENTIFIER = "com.nscorp.Blockchain-modelTests";
				PRODUCT_NAME = "$(TARGET_NAME)";
				SWIFT_VERSION = 4.0;
				TEST_HOST = "$(BUILT_PRODUCTS_DIR)/Blockchain-model.app/Contents/MacOS/Blockchain-model";
			};
			name = Debug;
		};
		8F29B22C1FDE384600F54ADC /* Release */ = {
			isa = XCBuildConfiguration;
			buildSettings = {
				ALWAYS_EMBED_SWIFT_STANDARD_LIBRARIES = YES;
				BUNDLE_LOADER = "$(TEST_HOST)";
				CODE_SIGN_STYLE = Automatic;
				COMBINE_HIDPI_IMAGES = YES;
				DEVELOPMENT_TEAM = RW47C22KAD;
				INFOPLIST_FILE = "Blockchain-modelTests/Info.plist";
				LD_RUNPATH_SEARCH_PATHS = "$(inherited) @executable_path/../Frameworks @loader_path/../Frameworks";
				PRODUCT_BUNDLE_IDENTIFIER = "com.nscorp.Blockchain-modelTests";
				PRODUCT_NAME = "$(TARGET_NAME)";
				SWIFT_VERSION = 4.0;
				TEST_HOST = "$(BUILT_PRODUCTS_DIR)/Blockchain-model.app/Contents/MacOS/Blockchain-model";
			};
			name = Release;
		};
		8F29B22E1FDE384600F54ADC /* Debug */ = {
			isa = XCBuildConfiguration;
			buildSettings = {
				ALWAYS_EMBED_SWIFT_STANDARD_LIBRARIES = YES;
				CODE_SIGN_STYLE = Automatic;
				COMBINE_HIDPI_IMAGES = YES;
				DEVELOPMENT_TEAM = RW47C22KAD;
				INFOPLIST_FILE = "Blockchain-modelUITests/Info.plist";
				LD_RUNPATH_SEARCH_PATHS = "$(inherited) @executable_path/../Frameworks @loader_path/../Frameworks";
				PRODUCT_BUNDLE_IDENTIFIER = "com.nscorp.Blockchain-modelUITests";
				PRODUCT_NAME = "$(TARGET_NAME)";
				SWIFT_VERSION = 4.0;
				TEST_TARGET_NAME = "Blockchain-model";
			};
			name = Debug;
		};
		8F29B22F1FDE384600F54ADC /* Release */ = {
			isa = XCBuildConfiguration;
			buildSettings = {
				ALWAYS_EMBED_SWIFT_STANDARD_LIBRARIES = YES;
				CODE_SIGN_STYLE = Automatic;
				COMBINE_HIDPI_IMAGES = YES;
				DEVELOPMENT_TEAM = RW47C22KAD;
				INFOPLIST_FILE = "Blockchain-modelUITests/Info.plist";
				LD_RUNPATH_SEARCH_PATHS = "$(inherited) @executable_path/../Frameworks @loader_path/../Frameworks";
				PRODUCT_BUNDLE_IDENTIFIER = "com.nscorp.Blockchain-modelUITests";
				PRODUCT_NAME = "$(TARGET_NAME)";
				SWIFT_VERSION = 4.0;
				TEST_TARGET_NAME = "Blockchain-model";
			};
			name = Release;
		};
/* End XCBuildConfiguration section */

/* Begin XCConfigurationList section */
		8F29B1FC1FDE384600F54ADC /* Build configuration list for PBXProject "Blockchain-model" */ = {
			isa = XCConfigurationList;
			buildConfigurations = (
				8F29B2251FDE384600F54ADC /* Debug */,
				8F29B2261FDE384600F54ADC /* Release */,
			);
			defaultConfigurationIsVisible = 0;
			defaultConfigurationName = Release;
		};
		8F29B2271FDE384600F54ADC /* Build configuration list for PBXNativeTarget "Blockchain-model" */ = {
			isa = XCConfigurationList;
			buildConfigurations = (
				8F29B2281FDE384600F54ADC /* Debug */,
				8F29B2291FDE384600F54ADC /* Release */,
			);
			defaultConfigurationIsVisible = 0;
			defaultConfigurationName = Release;
		};
		8F29B22A1FDE384600F54ADC /* Build configuration list for PBXNativeTarget "Blockchain-modelTests" */ = {
			isa = XCConfigurationList;
			buildConfigurations = (
				8F29B22B1FDE384600F54ADC /* Debug */,
				8F29B22C1FDE384600F54ADC /* Release */,
			);
			defaultConfigurationIsVisible = 0;
			defaultConfigurationName = Release;
		};
		8F29B22D1FDE384600F54ADC /* Build configuration list for PBXNativeTarget "Blockchain-modelUITests" */ = {
			isa = XCConfigurationList;
			buildConfigurations = (
				8F29B22E1FDE384600F54ADC /* Debug */,
				8F29B22F1FDE384600F54ADC /* Release */,
			);
			defaultConfigurationIsVisible = 0;
			defaultConfigurationName = Release;
		};
/* End XCConfigurationList section */
	};
	rootObject = 8F29B1F91FDE384600F54ADC /* Project object */;
}
